
Microsoft Visual Studio Solution File, Format Version 12.00
# Visual Studio 14
VisualStudioVersion = 14.0.25123.0
MinimumVisualStudioVersion = 10.0.40219.1
Project("{2150E333-8FDC-42A3-9474-1A3956D46DE8}") = "src", "src", "{DC56AFDB-1C28-40EF-BECB-3DE0A14DAFB0}"
EndProject
Project("{2150E333-8FDC-42A3-9474-1A3956D46DE8}") = "Solution Items", "Solution Items", "{30F4AB4D-624D-436E-BD6B-F1EB0B2A83E9}"
	ProjectSection(SolutionItems) = preProject
		global.json = global.json
	EndProjectSection
EndProject
Project("{8BB2217D-0F2D-49D1-97BC-3654ED321F3B}") = "Smart Corp GP", "src\Smart Corp GP\Smart Corp GP.xproj", "{B002E2C5-02E0-4C2A-8CAF-867D8042917B}"
EndProject
Global
	GlobalSection(SolutionConfigurationPlatforms) = preSolution
		Debug|Any CPU = Debug|Any CPU
		Release|Any CPU = Release|Any CPU
	EndGlobalSection
	GlobalSection(ProjectConfigurationPlatforms) = postSolution
		{B002E2C5-02E0-4C2A-8CAF-867D8042917B}.Debug|Any CPU.ActiveCfg = Debug|Any CPU
		{B002E2C5-02E0-4C2A-8CAF-867D8042917B}.Debug|Any CPU.Build.0 = Debug|Any CPU
		{B002E2C5-02E0-4C2A-8CAF-867D8042917B}.Release|Any CPU.ActiveCfg = Release|Any CPU
		{B002E2C5-02E0-4C2A-8CAF-867D8042917B}.Release|Any CPU.Build.0 = Release|Any CPU
	EndGlobalSection
	GlobalSection(SolutionProperties) = preSolution
		HideSolutionNode = FALSE
	EndGlobalSection
	GlobalSection(NestedProjects) = preSolution
		{B002E2C5-02E0-4C2A-8CAF-867D8042917B} = {DC56AFDB-1C28-40EF-BECB-3DE0A14DAFB0}
	EndGlobalSection
EndGlobal
